<?xml version="1.0" encoding="utf-8"?>
<Project ToolsVersion="4.0" xmlns="http://schemas.microsoft.com/developer/msbuild/2003">
  <ItemGroup>
    <ClCompile Include="AnnualProject.cpp" />
  </ItemGroup>
  <ItemGroup>
    <Filter Include="shaders">
      <UniqueIdentifier>{1062de24-7d46-4f30-b805-bb018127add9}</UniqueIdentifier>
    </Filter>
  </ItemGroup>
  <ItemGroup>
    <None Include="basic.frag">
      <Filter>shaders</Filter>
    </None>
    <None Include="basic.vert">
      <Filter>shaders</Filter>
    </None>
  </ItemGroup>
</Project>